
Microsoft Visual Studio Solution File, Format Version 12.00
Project("{FAE04EC0-301F-11D3-BF4B-00C04F79EFBC}") = "Millipede.JSON", "Millipede.JSON\Millipede.JSON.csproj", "{C143CA59-E32C-41D9-A242-AF19D2F409F2}"
EndProject
Project("{FAE04EC0-301F-11D3-BF4B-00C04F79EFBC}") = "Millipede.JSON.Tests", "Millipede.JSON.Tests\Millipede.JSON.Tests.csproj", "{057A3FD7-4A46-4E4E-A9B4-90FCD63367F1}"
EndProject
Global
	GlobalSection(SolutionConfigurationPlatforms) = preSolution
		Debug|Any CPU = Debug|Any CPU
		Release|Any CPU = Release|Any CPU
	EndGlobalSection
	GlobalSection(ProjectConfigurationPlatforms) = postSolution
		{C143CA59-E32C-41D9-A242-AF19D2F409F2}.Debug|Any CPU.ActiveCfg = Debug|Any CPU
		{C143CA59-E32C-41D9-A242-AF19D2F409F2}.Debug|Any CPU.Build.0 = Debug|Any CPU
		{C143CA59-E32C-41D9-A242-AF19D2F409F2}.Release|Any CPU.ActiveCfg = Release|Any CPU
		{C143CA59-E32C-41D9-A242-AF19D2F409F2}.Release|Any CPU.Build.0 = Release|Any CPU
		{057A3FD7-4A46-4E4E-A9B4-90FCD63367F1}.Debug|Any CPU.ActiveCfg = Debug|Any CPU
		{057A3FD7-4A46-4E4E-A9B4-90FCD63367F1}.Debug|Any CPU.Build.0 = Debug|Any CPU
		{057A3FD7-4A46-4E4E-A9B4-90FCD63367F1}.Release|Any CPU.ActiveCfg = Release|Any CPU
		{057A3FD7-4A46-4E4E-A9B4-90FCD63367F1}.Release|Any CPU.Build.0 = Release|Any CPU
	EndGlobalSection
EndGlobal
